// !$*UTF8*$!
{
	archiveVersion = 1;
	classes = {
	};
	objectVersion = 46;
	objects = {

/* Begin PBXBuildFile section */
		1AD5172E1476398F00EE1FEC /* Foundation.framework in Frameworks */ = {isa = PBXBuildFile; fileRef = 1AD5172D1476398F00EE1FEC /* Foundation.framework */; };
		1AD517341476398F00EE1FEC /* KKCoreTextUtils.m in Sources */ = {isa = PBXBuildFile; fileRef = 1AD517331476398F00EE1FEC /* KKCoreTextUtils.m */; };
/* End PBXBuildFile section */

/* Begin PBXFileReference section */
		1AD5172A1476398F00EE1FEC /* libKKCoreTextUtils.a */ = {isa = PBXFileReference; explicitFileType = archive.ar; includeInIndex = 0; path = libKKCoreTextUtils.a; sourceTree = BUILT_PRODUCTS_DIR; };
		1AD5172D1476398F00EE1FEC /* Foundation.framework */ = {isa = PBXFileReference; lastKnownFileType = wrapper.framework; name = Foundation.framework; path = System/Library/Frameworks/Foundation.framework; sourceTree = SDKROOT; };
		1AD517311476398F00EE1FEC /* KKCoreTextUtils-Prefix.pch */ = {isa = PBXFileReference; path = "KKCoreTextUtils-Prefix.pch"; sourceTree = "<group>"; };
		1AD517321476398F00EE1FEC /* KKCoreTextUtils.h */ = {isa = PBXFileReference; path = KKCoreTextUtils.h; sourceTree = "<group>"; };
		1AD517331476398F00EE1FEC /* KKCoreTextUtils.m */ = {isa = PBXFileReference; lastKnownFileType = sourcecode.c.objc; path = KKCoreTextUtils.m; sourceTree = "<group>"; };
/* End PBXFileReference section */

/* Begin PBXFrameworksBuildPhase section */
		1AD517271476398F00EE1FEC /* Frameworks */ = {
			isa = PBXFrameworksBuildPhase;
			buildActionMask = 2147483647;
			files = (
				1AD5172E1476398F00EE1FEC /* Foundation.framework in Frameworks */,
			);
			runOnlyForDeploymentPostprocessing = 0;
		};
/* End PBXFrameworksBuildPhase section */

/* Begin PBXGroup section */
		1AD5171F1476398E00EE1FEC = {
			isa = PBXGroup;
			children = (
				1AD5172F1476398F00EE1FEC /* KKCoreTextUtils */,
				1AD5172C1476398F00EE1FEC /* Frameworks */,
				1AD5172B1476398F00EE1FEC /* Products */,
			);
			sourceTree = "<group>";
		};
		1AD5172B1476398F00EE1FEC /* Products */ = {
			isa = PBXGroup;
			children = (
				1AD5172A1476398F00EE1FEC /* libKKCoreTextUtils.a */,
			);
			name = Products;
			sourceTree = "<group>";
		};
		1AD5172C1476398F00EE1FEC /* Frameworks */ = {
			isa = PBXGroup;
			children = (
				1AD5172D1476398F00EE1FEC /* Foundation.framework */,
			);
			name = Frameworks;
			sourceTree = "<group>";
		};
		1AD5172F1476398F00EE1FEC /* KKCoreTextUtils */ = {
			isa = PBXGroup;
			children = (
				1AD517321476398F00EE1FEC /* KKCoreTextUtils.h */,
				1AD517331476398F00EE1FEC /* KKCoreTextUtils.m */,
				1AD517301476398F00EE1FEC /* Supporting Files */,
			);
			path = KKCoreTextUtils;
			sourceTree = "<group>";
		};
		1AD517301476398F00EE1FEC /* Supporting Files */ = {
			isa = PBXGroup;
			children = (
				1AD517311476398F00EE1FEC /* KKCoreTextUtils-Prefix.pch */,
			);
			name = "Supporting Files";
			sourceTree = "<group>";
		};
/* End PBXGroup section */

/* Begin PBXHeadersBuildPhase section */
		1AD517281476398F00EE1FEC /* Headers */ = {
			isa = PBXHeadersBuildPhase;
			buildActionMask = 2147483647;
			files = (
			);
			runOnlyForDeploymentPostprocessing = 0;
		};
/* End PBXHeadersBuildPhase section */

/* Begin PBXNativeTarget section */
		1AD517291476398F00EE1FEC /* KKCoreTextUtils */ = {
			isa = PBXNativeTarget;
			buildConfigurationList = 1AD517371476398F00EE1FEC /* Build configuration list for PBXNativeTarget "KKCoreTextUtils" */;
			buildPhases = (
				1AD517261476398F00EE1FEC /* Sources */,
				1AD517271476398F00EE1FEC /* Frameworks */,
				1AD517281476398F00EE1FEC /* Headers */,
			);
			buildRules = (
			);
			dependencies = (
			);
			name = KKCoreTextUtils;
			productName = KKCoreTextUtils;
			productReference = 1AD5172A1476398F00EE1FEC /* libKKCoreTextUtils.a */;
			productType = "com.apple.product-type.library.static";
		};
/* End PBXNativeTarget section */

/* Begin PBXProject section */
		1AD517211476398E00EE1FEC /* Project object */ = {
			isa = PBXProject;
			attributes = {
				LastUpgradeCheck = 0420;
				ORGANIZATIONNAME = Enkla;
			};
			buildConfigurationList = 1AD517241476398E00EE1FEC /* Build configuration list for PBXProject "KKCoreTextUtils" */;
			compatibilityVersion = "Xcode 3.2";
			developmentRegion = English;
			hasScannedForEncodings = 0;
			knownRegions = (
				en,
			);
			mainGroup = 1AD5171F1476398E00EE1FEC;
			productRefGroup = 1AD5172B1476398F00EE1FEC /* Products */;
			projectDirPath = "";
			projectRoot = "";
			targets = (
				1AD517291476398F00EE1FEC /* KKCoreTextUtils */,
			);
		};
/* End PBXProject section */

/* Begin PBXSourcesBuildPhase section */
		1AD517261476398F00EE1FEC /* Sources */ = {
			isa = PBXSourcesBuildPhase;
			buildActionMask = 2147483647;
			files = (
				1AD517341476398F00EE1FEC /* KKCoreTextUtils.m in Sources */,
			);
			runOnlyForDeploymentPostprocessing = 0;
		};
/* End PBXSourcesBuildPhase section */

/* Begin XCBuildConfiguration section */
		1AD517351476398F00EE1FEC /* Debug */ = {
			isa = XCBuildConfiguration;
			buildSettings = {
				ALWAYS_SEARCH_USER_PATHS = NO;
				ARCHS = "$(ARCHS_STANDARD_32_BIT)";
				CLANG_ENABLE_OBJC_ARC = YES;
				COPY_PHASE_STRIP = NO;
				GCC_C_LANGUAGE_STANDARD = gnu99;
				GCC_DYNAMIC_NO_PIC = NO;
				GCC_OPTIMIZATION_LEVEL = 0;
				GCC_PREPROCESSOR_DEFINITIONS = (
					"DEBUG=1",
					"$(inherited)",
				);
				GCC_SYMBOLS_PRIVATE_EXTERN = NO;
				GCC_VERSION = com.apple.compilers.llvm.clang.1_0;
				GCC_WARN_ABOUT_MISSING_PROTOTYPES = YES;
				GCC_WARN_ABOUT_RETURN_TYPE = YES;
				GCC_WARN_UNUSED_VARIABLE = YES;
				IPHONEOS_DEPLOYMENT_TARGET = 5.0;
				SDKROOT = iphoneos;
			};
			name = Debug;
		};
		1AD517361476398F00EE1FEC /* Release */ = {
			isa = XCBuildConfiguration;
			buildSettings = {
				ALWAYS_SEARCH_USER_PATHS = NO;
				ARCHS = "$(ARCHS_STANDARD_32_BIT)";
				CLANG_ENABLE_OBJC_ARC = YES;
				COPY_PHASE_STRIP = YES;
				GCC_C_LANGUAGE_STANDARD = gnu99;
				GCC_VERSION = com.apple.compilers.llvm.clang.1_0;
				GCC_WARN_ABOUT_MISSING_PROTOTYPES = YES;
				GCC_WARN_ABOUT_RETURN_TYPE = YES;
				GCC_WARN_UNUSED_VARIABLE = YES;
				IPHONEOS_DEPLOYMENT_TARGET = 5.0;
				SDKROOT = iphoneos;
				VALIDATE_PRODUCT = YES;
			};
			name = Release;
		};
		1AD517381476398F00EE1FEC /* Debug */ = {
			isa = XCBuildConfiguration;
			buildSettings = {
				DSTROOT = /tmp/KKCoreTextUtils.dst;
				GCC_PRECOMPILE_PREFIX_HEADER = YES;
				GCC_PREFIX_HEADER = "KKCoreTextUtils/KKCoreTextUtils-Prefix.pch";
				OTHER_LDFLAGS = "-ObjC";
				PRODUCT_NAME = "$(TARGET_NAME)";
				SKIP_INSTALL = YES;
			};
			name = Debug;
		};
		1AD517391476398F00EE1FEC /* Release */ = {
			isa = XCBuildConfiguration;
			buildSettings = {
				DSTROOT = /tmp/KKCoreTextUtils.dst;
				GCC_PRECOMPILE_PREFIX_HEADER = YES;
				GCC_PREFIX_HEADER = "KKCoreTextUtils/KKCoreTextUtils-Prefix.pch";
				OTHER_LDFLAGS = "-ObjC";
				PRODUCT_NAME = "$(TARGET_NAME)";
				SKIP_INSTALL = YES;
			};
			name = Release;
		};
/* End XCBuildConfiguration section */

/* Begin XCConfigurationList section */
		1AD517241476398E00EE1FEC /* Build configuration list for PBXProject "KKCoreTextUtils" */ = {
			isa = XCConfigurationList;
			buildConfigurations = (
				1AD517351476398F00EE1FEC /* Debug */,
				1AD517361476398F00EE1FEC /* Release */,
			);
			defaultConfigurationIsVisible = 0;
			defaultConfigurationName = Release;
		};
		1AD517371476398F00EE1FEC /* Build configuration list for PBXNativeTarget "KKCoreTextUtils" */ = {
			isa = XCConfigurationList;
			buildConfigurations = (
				1AD517381476398F00EE1FEC /* Debug */,
				1AD517391476398F00EE1FEC /* Release */,
			);
			defaultConfigurationIsVisible = 0;
		};
/* End XCConfigurationList section */
	};
	rootObject = 1AD517211476398E00EE1FEC /* Project object */;
}
